{
  "version": "3",
  "packages": {
    "specifiers": {
      "jsr:@edjopato/array-filter-unique": "jsr:@edjopato/array-filter-unique@3.1.0",
      "jsr:@std/fs": "jsr:@std/fs@1.0.13",
      "jsr:@std/path@^1.0.8": "jsr:@std/path@1.0.8",
      "npm:@octokit/core": "npm:@octokit/core@6.1.4",
      "npm:@octokit/types": "npm:@octokit/types@13.8.0"
    },
    "jsr": {
      "@edjopato/array-filter-unique@3.1.0": {
        "integrity": "7baa8bde2b531734a14fa33302e8cabf8740d21f1824911b66a96371317078b6"
      },
      "@std/fs@1.0.13": {
        "integrity": "756d3ff0ade91c9e72b228e8012b6ff00c3d4a4ac9c642c4dac083536bf6c605",
        "dependencies": [
          "jsr:@std/path@^1.0.8"
        ]
      },
      "@std/path@1.0.8": {
        "integrity": "548fa456bb6a04d3c1a1e7477986b6cffbce95102d0bb447c67c4ee70e0364be"
      }
    },
    "npm": {
      "@octokit/auth-token@5.1.2": {
        "integrity": "sha512-JcQDsBdg49Yky2w2ld20IHAlwr8d/d8N6NiOXbtuoPCqzbsiJgF633mVUw3x4mo0H5ypataQIX7SFu3yy44Mpw==",
        "dependencies": {}
      },
      "@octokit/core@6.1.4": {
        "integrity": "sha512-lAS9k7d6I0MPN+gb9bKDt7X8SdxknYqAMh44S5L+lNqIN2NuV8nvv3g8rPp7MuRxcOpxpUIATWprO0C34a8Qmg==",
        "dependencies": {
          "@octokit/auth-token": "@octokit/auth-token@5.1.2",
          "@octokit/graphql": "@octokit/graphql@8.2.1",
          "@octokit/request": "@octokit/request@9.2.2",
          "@octokit/request-error": "@octokit/request-error@6.1.7",
          "@octokit/types": "@octokit/types@13.8.0",
          "before-after-hook": "before-after-hook@3.0.2",
          "universal-user-agent": "universal-user-agent@7.0.2"
        }
      },
      "@octokit/endpoint@10.1.3": {
        "integrity": "sha512-nBRBMpKPhQUxCsQQeW+rCJ/OPSMcj3g0nfHn01zGYZXuNDvvXudF/TYY6APj5THlurerpFN4a/dQAIAaM6BYhA==",
        "dependencies": {
          "@octokit/types": "@octokit/types@13.8.0",
          "universal-user-agent": "universal-user-agent@7.0.2"
        }
      },
      "@octokit/graphql@8.2.1": {
        "integrity": "sha512-n57hXtOoHrhwTWdvhVkdJHdhTv0JstjDbDRhJfwIRNfFqmSo1DaK/mD2syoNUoLCyqSjBpGAKOG0BuwF392slw==",
        "dependencies": {
          "@octokit/request": "@octokit/request@9.2.2",
          "@octokit/types": "@octokit/types@13.8.0",
          "universal-user-agent": "universal-user-agent@7.0.2"
        }
      },
      "@octokit/openapi-types@23.0.1": {
        "integrity": "sha512-izFjMJ1sir0jn0ldEKhZ7xegCTj/ObmEDlEfpFrx4k/JyZSMRHbO3/rBwgE7f3m2DHt+RrNGIVw4wSmwnm3t/g==",
        "dependencies": {}
      },
      "@octokit/request-error@6.1.7": {
        "integrity": "sha512-69NIppAwaauwZv6aOzb+VVLwt+0havz9GT5YplkeJv7fG7a40qpLt/yZKyiDxAhgz0EtgNdNcb96Z0u+Zyuy2g==",
        "dependencies": {
          "@octokit/types": "@octokit/types@13.8.0"
        }
      },
      "@octokit/request@9.2.2": {
        "integrity": "sha512-dZl0ZHx6gOQGcffgm1/Sf6JfEpmh34v3Af2Uci02vzUYz6qEN6zepoRtmybWXIGXFIK8K9ylE3b+duCWqhArtg==",
        "dependencies": {
          "@octokit/endpoint": "@octokit/endpoint@10.1.3",
          "@octokit/request-error": "@octokit/request-error@6.1.7",
          "@octokit/types": "@octokit/types@13.8.0",
          "fast-content-type-parse": "fast-content-type-parse@2.0.1",
          "universal-user-agent": "universal-user-agent@7.0.2"
        }
      },
      "@octokit/types@13.8.0": {
        "integrity": "sha512-x7DjTIbEpEWXK99DMd01QfWy0hd5h4EN+Q7shkdKds3otGQP+oWE/y0A76i1OvH9fygo4ddvNf7ZvF0t78P98A==",
        "dependencies": {
          "@octokit/openapi-types": "@octokit/openapi-types@23.0.1"
        }
      },
      "before-after-hook@3.0.2": {
        "integrity": "sha512-Nik3Sc0ncrMK4UUdXQmAnRtzmNQTAAXmXIopizwZ1W1t8QmfJj+zL4OA2I7XPTPW5z5TDqv4hRo/JzouDJnX3A==",
        "dependencies": {}
      },
      "fast-content-type-parse@2.0.1": {
        "integrity": "sha512-nGqtvLrj5w0naR6tDPfB4cUmYCqouzyQiz6C5y/LtcDllJdrcc6WaWW6iXyIIOErTa/XRybj28aasdn4LkVk6Q==",
        "dependencies": {}
      },
      "universal-user-agent@7.0.2": {
        "integrity": "sha512-0JCqzSKnStlRRQfCdowvqy3cy0Dvtlb8xecj/H8JFZuCze4rwjPZQOgvFvn0Ws/usCHQFGpyr+pB9adaGwXn4Q==",
        "dependencies": {}
      }
    }
  },
  "remote": {}
}
